
Microsoft Visual Studio Solution File, Format Version 10.00
# Visual C++ Express 2008
Project("{8BC9CEB8-8B4A-11D0-8D11-00A0C91BC942}") = "glfw", "glfw\glfw.vcproj", "{D9B00C35-7AC0-4C2B-A0CE-3EA1D56C06CF}"
EndProject
Project("{8BC9CEB8-8B4A-11D0-8D11-00A0C91BC942}") = "ikarus", "ikarus\ikarus.vcproj", "{5D04BD8C-D0FB-4E8B-9943-0547D400E957}"
EndProject
Global
	GlobalSection(SolutionConfigurationPlatforms) = preSolution
		Debug|Win32 = Debug|Win32
		Release|Win32 = Release|Win32
	EndGlobalSection
	GlobalSection(ProjectConfigurationPlatforms) = postSolution
		{D9B00C35-7AC0-4C2B-A0CE-3EA1D56C06CF}.Debug|Win32.ActiveCfg = Debug|Win32
		{D9B00C35-7AC0-4C2B-A0CE-3EA1D56C06CF}.Debug|Win32.Build.0 = Debug|Win32
		{D9B00C35-7AC0-4C2B-A0CE-3EA1D56C06CF}.Release|Win32.ActiveCfg = Release|Win32
		{D9B00C35-7AC0-4C2B-A0CE-3EA1D56C06CF}.Release|Win32.Build.0 = Release|Win32
		{5D04BD8C-D0FB-4E8B-9943-0547D400E957}.Debug|Win32.ActiveCfg = Debug|Win32
		{5D04BD8C-D0FB-4E8B-9943-0547D400E957}.Debug|Win32.Build.0 = Debug|Win32
		{5D04BD8C-D0FB-4E8B-9943-0547D400E957}.Release|Win32.ActiveCfg = Release|Win32
		{5D04BD8C-D0FB-4E8B-9943-0547D400E957}.Release|Win32.Build.0 = Release|Win32
	EndGlobalSection
	GlobalSection(SolutionProperties) = preSolution
		HideSolutionNode = FALSE
	EndGlobalSection
EndGlobal
